// !$*UTF8*$!
{
	archiveVersion = 1;
	classes = {
	};
	objectVersion = 46;
	objects = {

/* Begin PBXBuildFile section */
		1800AD5D1D3B2BD400C3F932 /* DB_Function.swift in Sources */ = {isa = PBXBuildFile; fileRef = 1800AD5C1D3B2BD400C3F932 /* DB_Function.swift */; };
		1800AD5F1D3B80E500C3F932 /* libsqlite3.dylib in Frameworks */ = {isa = PBXBuildFile; fileRef = 1800AD5E1D3B80E500C3F932 /* libsqlite3.dylib */; };
		1808B6FA1D8E658C00DF1024 /* get_image_button.png in Resources */ = {isa = PBXBuildFile; fileRef = 1808B6F91D8E658C00DF1024 /* get_image_button.png */; };
		1808B6FC1D8E66BB00DF1024 /* no_image.png in Resources */ = {isa = PBXBuildFile; fileRef = 1808B6FB1D8E66BB00DF1024 /* no_image.png */; };
		181394871DC0F04D001081A1 /* MemberPasswordSearchView.swift in Sources */ = {isa = PBXBuildFile; fileRef = 181394861DC0F04D001081A1 /* MemberPasswordSearchView.swift */; };
		1813ADC31D315806001BB532 /* AppDelegate.swift in Sources */ = {isa = PBXBuildFile; fileRef = 1813ADC21D315806001BB532 /* AppDelegate.swift */; };
		1813ADC51D315806001BB532 /* ViewController.swift in Sources */ = {isa = PBXBuildFile; fileRef = 1813ADC41D315806001BB532 /* ViewController.swift */; };
		1813ADC81D315806001BB532 /* Main.storyboard in Resources */ = {isa = PBXBuildFile; fileRef = 1813ADC61D315806001BB532 /* Main.storyboard */; };
		1813ADCA1D315806001BB532 /* Assets.xcassets in Resources */ = {isa = PBXBuildFile; fileRef = 1813ADC91D315806001BB532 /* Assets.xcassets */; };
		1813ADCD1D315806001BB532 /* LaunchScreen.storyboard in Resources */ = {isa = PBXBuildFile; fileRef = 1813ADCB1D315806001BB532 /* LaunchScreen.storyboard */; };
		18204C0C1DC783D700BCF143 /* MyTabbarControllerView.swift in Sources */ = {isa = PBXBuildFile; fileRef = 18204C0B1DC783D700BCF143 /* MyTabbarControllerView.swift */; };
		183B006E1DC21F8000F88013 /* MemberDeleteView.swift in Sources */ = {isa = PBXBuildFile; fileRef = 183B006D1DC21F8000F88013 /* MemberDeleteView.swift */; };
		184BB7D21DC4CD03002B5797 /* MainTabView.swift in Sources */ = {isa = PBXBuildFile; fileRef = 184BB7D11DC4CD03002B5797 /* MainTabView.swift */; };
		184BB7D41DC4E91F002B5797 /* GameTabView.swift in Sources */ = {isa = PBXBuildFile; fileRef = 184BB7D31DC4E91F002B5797 /* GameTabView.swift */; };
		184BB7D61DC4E997002B5797 /* GameSettingTabView.swift in Sources */ = {isa = PBXBuildFile; fileRef = 184BB7D51DC4E997002B5797 /* GameSettingTabView.swift */; };
		1854B2EC1D9A92EF002F3424 /* MemberInfoDetailView.swift in Sources */ = {isa = PBXBuildFile; fileRef = 1854B2EB1D9A92EF002F3424 /* MemberInfoDetailView.swift */; };
		18612C421DCB953500C57104 /* indicator_left_image.png in Resources */ = {isa = PBXBuildFile; fileRef = 18612C401DCB953500C57104 /* indicator_left_image.png */; };
		18612C431DCB953500C57104 /* indicator_right_image.png in Resources */ = {isa = PBXBuildFile; fileRef = 18612C411DCB953500C57104 /* indicator_right_image.png */; };
		18623AB51DCB830D00847B0A /* ContentViewController.swift in Sources */ = {isa = PBXBuildFile; fileRef = 18623AB41DCB830D00847B0A /* ContentViewController.swift */; };
		1866FAF91DAC99280096F47D /* vitory_image.png in Resources */ = {isa = PBXBuildFile; fileRef = 1866FAF81DAC99280096F47D /* vitory_image.png */; };
		1866FAFB1DAC9E080096F47D /* baner_blog.png in Resources */ = {isa = PBXBuildFile; fileRef = 1866FAFA1DAC9E080096F47D /* baner_blog.png */; };
		1866FAFD1DAC9F7E0096F47D /* blog_movebutton.png in Resources */ = {isa = PBXBuildFile; fileRef = 1866FAFC1DAC9F7E0096F47D /* blog_movebutton.png */; };
		1866FAFF1DACA04E0096F47D /* MemberListViewFooter.swift in Sources */ = {isa = PBXBuildFile; fileRef = 1866FAFE1DACA04E0096F47D /* MemberListViewFooter.swift */; };
		1881E6D21DAA4FAD00095F8E /* MemberListViewHeader.swift in Sources */ = {isa = PBXBuildFile; fileRef = 1881E6D11DAA4FAD00095F8E /* MemberListViewHeader.swift */; };
		188903AE1D3BA3F400B16FE8 /* DBController.m in Sources */ = {isa = PBXBuildFile; fileRef = 188903AD1D3BA3F400B16FE8 /* DBController.m */; };
		18894BF01D32908300EE4CB2 /* game_logo_image.png in Resources */ = {isa = PBXBuildFile; fileRef = 18894BEF1D32908300EE4CB2 /* game_logo_image.png */; };
		18894BF41D37D3F300EE4CB2 /* EnrollView.swift in Sources */ = {isa = PBXBuildFile; fileRef = 18894BF31D37D3F300EE4CB2 /* EnrollView.swift */; };
		18976EB31DB2034B00C95206 /* WebViewblog.swift in Sources */ = {isa = PBXBuildFile; fileRef = 18976EB21DB2034B00C95206 /* WebViewblog.swift */; };
		18D7DFF41DB356C10033CD3D /* MemberIDSearchView.swift in Sources */ = {isa = PBXBuildFile; fileRef = 18D7DFF31DB356C10033CD3D /* MemberIDSearchView.swift */; };
		18DFD4DA1D8BB15100582637 /* id_search_image.png in Resources */ = {isa = PBXBuildFile; fileRef = 18DFD4D71D8BB15100582637 /* id_search_image.png */; };
		18DFD4DB1D8BB15100582637 /* member_out_image.png in Resources */ = {isa = PBXBuildFile; fileRef = 18DFD4D81D8BB15100582637 /* member_out_image.png */; };
		18DFD4DC1D8BB15100582637 /* password_search_image.png in Resources */ = {isa = PBXBuildFile; fileRef = 18DFD4D91D8BB15100582637 /* password_search_image.png */; };
		18DFD4E61D8BB29A00582637 /* enroll_image.png in Resources */ = {isa = PBXBuildFile; fileRef = 18DFD4E31D8BB29A00582637 /* enroll_image.png */; };
		18DFD4E71D8BB29A00582637 /* login_image.png in Resources */ = {isa = PBXBuildFile; fileRef = 18DFD4E41D8BB29A00582637 /* login_image.png */; };
		18DFD4E81D8BB29A00582637 /* memberlist_image.png in Resources */ = {isa = PBXBuildFile; fileRef = 18DFD4E51D8BB29A00582637 /* memberlist_image.png */; };
		18DFD5081D8CFD0700582637 /* MemberListView.swift in Sources */ = {isa = PBXBuildFile; fileRef = 18DFD5071D8CFD0700582637 /* MemberListView.swift */; };
		18DFD50A1D8D156B00582637 /* default_people_image.png in Resources */ = {isa = PBXBuildFile; fileRef = 18DFD5091D8D156B00582637 /* default_people_image.png */; };
		18DFD50C1D8D183D00582637 /* MemberListViewTableCell.swift in Sources */ = {isa = PBXBuildFile; fileRef = 18DFD50B1D8D183D00582637 /* MemberListViewTableCell.swift */; };
		18DFD50E1D8D5C8200582637 /* user_more_info_imagae.png in Resources */ = {isa = PBXBuildFile; fileRef = 18DFD50D1D8D5C8200582637 /* user_more_info_imagae.png */; };
/* End PBXBuildFile section */

/* Begin PBXFileReference section */
		1800AD5C1D3B2BD400C3F932 /* DB_Function.swift */ = {isa = PBXFileReference; fileEncoding = 4; lastKnownFileType = sourcecode.swift; name = DB_Function.swift; path = ../DB_Function.swift; sourceTree = "<group>"; };
		1800AD5E1D3B80E500C3F932 /* libsqlite3.dylib */ = {isa = PBXFileReference; lastKnownFileType = "compiled.mach-o.dylib"; name = libsqlite3.dylib; path = ../../../../../../usr/lib/libsqlite3.dylib; sourceTree = "<group>"; };
		1808B6F91D8E658C00DF1024 /* get_image_button.png */ = {isa = PBXFileReference; lastKnownFileType = image.png; path = get_image_button.png; sourceTree = "<group>"; };
		1808B6FB1D8E66BB00DF1024 /* no_image.png */ = {isa = PBXFileReference; lastKnownFileType = image.png; path = no_image.png; sourceTree = "<group>"; };
		181394861DC0F04D001081A1 /* MemberPasswordSearchView.swift */ = {isa = PBXFileReference; fileEncoding = 4; lastKnownFileType = sourcecode.swift; path = MemberPasswordSearchView.swift; sourceTree = "<group>"; };
		1813ADBF1D315806001BB532 /* Swift_sample_app.app */ = {isa = PBXFileReference; explicitFileType = wrapper.application; includeInIndex = 0; path = Swift_sample_app.app; sourceTree = BUILT_PRODUCTS_DIR; };
		1813ADC21D315806001BB532 /* AppDelegate.swift */ = {isa = PBXFileReference; lastKnownFileType = sourcecode.swift; path = AppDelegate.swift; sourceTree = "<group>"; };
		1813ADC41D315806001BB532 /* ViewController.swift */ = {isa = PBXFileReference; lastKnownFileType = sourcecode.swift; path = ViewController.swift; sourceTree = "<group>"; };
		1813ADC71D315806001BB532 /* Base */ = {isa = PBXFileReference; lastKnownFileType = file.storyboard; name = Base; path = Base.lproj/Main.storyboard; sourceTree = "<group>"; };
		1813ADC91D315806001BB532 /* Assets.xcassets */ = {isa = PBXFileReference; lastKnownFileType = folder.assetcatalog; path = Assets.xcassets; sourceTree = "<group>"; };
		1813ADCC1D315806001BB532 /* Base */ = {isa = PBXFileReference; lastKnownFileType = file.storyboard; name = Base; path = Base.lproj/LaunchScreen.storyboard; sourceTree = "<group>"; };
		1813ADCE1D315806001BB532 /* Info.plist */ = {isa = PBXFileReference; lastKnownFileType = text.plist.xml; path = Info.plist; sourceTree = "<group>"; };
		18204C0B1DC783D700BCF143 /* MyTabbarControllerView.swift */ = {isa = PBXFileReference; fileEncoding = 4; lastKnownFileType = sourcecode.swift; path = MyTabbarControllerView.swift; sourceTree = "<group>"; };
		183B006D1DC21F8000F88013 /* MemberDeleteView.swift */ = {isa = PBXFileReference; fileEncoding = 4; lastKnownFileType = sourcecode.swift; path = MemberDeleteView.swift; sourceTree = "<group>"; };
		184BB7D11DC4CD03002B5797 /* MainTabView.swift */ = {isa = PBXFileReference; fileEncoding = 4; lastKnownFileType = sourcecode.swift; path = MainTabView.swift; sourceTree = "<group>"; };
		184BB7D31DC4E91F002B5797 /* GameTabView.swift */ = {isa = PBXFileReference; fileEncoding = 4; lastKnownFileType = sourcecode.swift; path = GameTabView.swift; sourceTree = "<group>"; };
		184BB7D51DC4E997002B5797 /* GameSettingTabView.swift */ = {isa = PBXFileReference; fileEncoding = 4; lastKnownFileType = sourcecode.swift; path = GameSettingTabView.swift; sourceTree = "<group>"; };
		1854B2EB1D9A92EF002F3424 /* MemberInfoDetailView.swift */ = {isa = PBXFileReference; fileEncoding = 4; lastKnownFileType = sourcecode.swift; name = MemberInfoDetailView.swift; path = ../MemberInfoDetailView.swift; sourceTree = "<group>"; };
		18612C401DCB953500C57104 /* indicator_left_image.png */ = {isa = PBXFileReference; lastKnownFileType = image.png; path = indicator_left_image.png; sourceTree = "<group>"; };
		18612C411DCB953500C57104 /* indicator_right_image.png */ = {isa = PBXFileReference; lastKnownFileType = image.png; path = indicator_right_image.png; sourceTree = "<group>"; };
		18623AB41DCB830D00847B0A /* ContentViewController.swift */ = {isa = PBXFileReference; fileEncoding = 4; lastKnownFileType = sourcecode.swift; path = ContentViewController.swift; sourceTree = "<group>"; };
		1866FAF81DAC99280096F47D /* vitory_image.png */ = {isa = PBXFileReference; lastKnownFileType = image.png; name = vitory_image.png; path = ../../imagesample/vitory_image.png; sourceTree = "<group>"; };
		1866FAFA1DAC9E080096F47D /* baner_blog.png */ = {isa = PBXFileReference; lastKnownFileType = image.png; name = baner_blog.png; path = ../../imagesample/baner_blog.png; sourceTree = "<group>"; };
		1866FAFC1DAC9F7E0096F47D /* blog_movebutton.png */ = {isa = PBXFileReference; lastKnownFileType = image.png; name = blog_movebutton.png; path = ../../imagesample/blog_movebutton.png; sourceTree = "<group>"; };
		1866FAFE1DACA04E0096F47D /* MemberListViewFooter.swift */ = {isa = PBXFileReference; fileEncoding = 4; lastKnownFileType = sourcecode.swift; path = MemberListViewFooter.swift; sourceTree = "<group>"; };
		1881E6D11DAA4FAD00095F8E /* MemberListViewHeader.swift */ = {isa = PBXFileReference; fileEncoding = 4; lastKnownFileType = sourcecode.swift; path = MemberListViewHeader.swift; sourceTree = "<group>"; };
		188903AC1D3BA3F400B16FE8 /* DBController.h */ = {isa = PBXFileReference; fileEncoding = 4; lastKnownFileType = sourcecode.c.h; path = DBController.h; sourceTree = "<group>"; };
		188903AD1D3BA3F400B16FE8 /* DBController.m */ = {isa = PBXFileReference; fileEncoding = 4; lastKnownFileType = sourcecode.c.objc; path = DBController.m; sourceTree = "<group>"; };
		188903AF1D3BA47500B16FE8 /* Swift_sample_app-Bridging-Header.h */ = {isa = PBXFileReference; lastKnownFileType = sourcecode.c.h; path = "Swift_sample_app-Bridging-Header.h"; sourceTree = "<group>"; };
		18894BEF1D32908300EE4CB2 /* game_logo_image.png */ = {isa = PBXFileReference; lastKnownFileType = image.png; path = game_logo_image.png; sourceTree = "<group>"; };
		18894BF31D37D3F300EE4CB2 /* EnrollView.swift */ = {isa = PBXFileReference; fileEncoding = 4; lastKnownFileType = sourcecode.swift; path = EnrollView.swift; sourceTree = "<group>"; };
		18976EB21DB2034B00C95206 /* WebViewblog.swift */ = {isa = PBXFileReference; fileEncoding = 4; lastKnownFileType = sourcecode.swift; name = WebViewblog.swift; path = ../WebViewblog.swift; sourceTree = "<group>"; };
		18D7DFF31DB356C10033CD3D /* MemberIDSearchView.swift */ = {isa = PBXFileReference; fileEncoding = 4; lastKnownFileType = sourcecode.swift; path = MemberIDSearchView.swift; sourceTree = "<group>"; };
		18DFD4D71D8BB15100582637 /* id_search_image.png */ = {isa = PBXFileReference; lastKnownFileType = image.png; path = id_search_image.png; sourceTree = "<group>"; };
		18DFD4D81D8BB15100582637 /* member_out_image.png */ = {isa = PBXFileReference; lastKnownFileType = image.png; path = member_out_image.png; sourceTree = "<group>"; };
		18DFD4D91D8BB15100582637 /* password_search_image.png */ = {isa = PBXFileReference; lastKnownFileType = image.png; path = password_search_image.png; sourceTree = "<group>"; };
		18DFD4E31D8BB29A00582637 /* enroll_image.png */ = {isa = PBXFileReference; lastKnownFileType = image.png; path = enroll_image.png; sourceTree = "<group>"; };
		18DFD4E41D8BB29A00582637 /* login_image.png */ = {isa = PBXFileReference; lastKnownFileType = image.png; path = login_image.png; sourceTree = "<group>"; };
		18DFD4E51D8BB29A00582637 /* memberlist_image.png */ = {isa = PBXFileReference; lastKnownFileType = image.png; path = memberlist_image.png; sourceTree = "<group>"; };
		18DFD5071D8CFD0700582637 /* MemberListView.swift */ = {isa = PBXFileReference; fileEncoding = 4; lastKnownFileType = sourcecode.swift; path = MemberListView.swift; sourceTree = "<group>"; };
		18DFD5091D8D156B00582637 /* default_people_image.png */ = {isa = PBXFileReference; lastKnownFileType = image.png; path = default_people_image.png; sourceTree = "<group>"; };
		18DFD50B1D8D183D00582637 /* MemberListViewTableCell.swift */ = {isa = PBXFileReference; fileEncoding = 4; lastKnownFileType = sourcecode.swift; path = MemberListViewTableCell.swift; sourceTree = "<group>"; };
		18DFD50D1D8D5C8200582637 /* user_more_info_imagae.png */ = {isa = PBXFileReference; lastKnownFileType = image.png; path = user_more_info_imagae.png; sourceTree = "<group>"; };
/* End PBXFileReference section */

/* Begin PBXFrameworksBuildPhase section */
		1813ADBC1D315806001BB532 /* Frameworks */ = {
			isa = PBXFrameworksBuildPhase;
			buildActionMask = 2147483647;
			files = (
				1800AD5F1D3B80E500C3F932 /* libsqlite3.dylib in Frameworks */,
			);
			runOnlyForDeploymentPostprocessing = 0;
		};
/* End PBXFrameworksBuildPhase section */

/* Begin PBXGroup section */
		1813ADB61D315806001BB532 = {
			isa = PBXGroup;
			children = (
				188903AC1D3BA3F400B16FE8 /* DBController.h */,
				188903AD1D3BA3F400B16FE8 /* DBController.m */,
				188903AF1D3BA47500B16FE8 /* Swift_sample_app-Bridging-Header.h */,
				1800AD5E1D3B80E500C3F932 /* libsqlite3.dylib */,
				1813ADC11D315806001BB532 /* Swift_sample_app */,
				1813ADC01D315806001BB532 /* Products */,
				18894BEE1D32908300EE4CB2 /* resource file */,
			);
			sourceTree = "<group>";
		};
		1813ADC01D315806001BB532 /* Products */ = {
			isa = PBXGroup;
			children = (
				1813ADBF1D315806001BB532 /* Swift_sample_app.app */,
			);
			name = Products;
			sourceTree = "<group>";
		};
		1813ADC11D315806001BB532 /* Swift_sample_app */ = {
			isa = PBXGroup;
			children = (
				1813ADC21D315806001BB532 /* AppDelegate.swift */,
				1854B2EB1D9A92EF002F3424 /* MemberInfoDetailView.swift */,
				18DFD5071D8CFD0700582637 /* MemberListView.swift */,
				1813ADC41D315806001BB532 /* ViewController.swift */,
				1813ADC61D315806001BB532 /* Main.storyboard */,
				1813ADC91D315806001BB532 /* Assets.xcassets */,
				1813ADCB1D315806001BB532 /* LaunchScreen.storyboard */,
				1813ADCE1D315806001BB532 /* Info.plist */,
				18894BF31D37D3F300EE4CB2 /* EnrollView.swift */,
				18976EB21DB2034B00C95206 /* WebViewblog.swift */,
				1800AD5C1D3B2BD400C3F932 /* DB_Function.swift */,
				18DFD50B1D8D183D00582637 /* MemberListViewTableCell.swift */,
				1881E6D11DAA4FAD00095F8E /* MemberListViewHeader.swift */,
				1866FAFE1DACA04E0096F47D /* MemberListViewFooter.swift */,
				18D7DFF31DB356C10033CD3D /* MemberIDSearchView.swift */,
				181394861DC0F04D001081A1 /* MemberPasswordSearchView.swift */,
				183B006D1DC21F8000F88013 /* MemberDeleteView.swift */,
				184BB7D11DC4CD03002B5797 /* MainTabView.swift */,
				184BB7D31DC4E91F002B5797 /* GameTabView.swift */,
				184BB7D51DC4E997002B5797 /* GameSettingTabView.swift */,
				18204C0B1DC783D700BCF143 /* MyTabbarControllerView.swift */,
				18623AB41DCB830D00847B0A /* ContentViewController.swift */,
			);
			path = Swift_sample_app;
			sourceTree = "<group>";
		};
		18894BEE1D32908300EE4CB2 /* resource file */ = {
			isa = PBXGroup;
			children = (
				1866FAFC1DAC9F7E0096F47D /* blog_movebutton.png */,
				1866FAFA1DAC9E080096F47D /* baner_blog.png */,
				1866FAF81DAC99280096F47D /* vitory_image.png */,
				18894BEF1D32908300EE4CB2 /* game_logo_image.png */,
				18DFD4D71D8BB15100582637 /* id_search_image.png */,
				18DFD4D81D8BB15100582637 /* member_out_image.png */,
				18612C401DCB953500C57104 /* indicator_left_image.png */,
				18612C411DCB953500C57104 /* indicator_right_image.png */,
				18DFD4D91D8BB15100582637 /* password_search_image.png */,
				18DFD4E31D8BB29A00582637 /* enroll_image.png */,
				18DFD4E41D8BB29A00582637 /* login_image.png */,
				18DFD4E51D8BB29A00582637 /* memberlist_image.png */,
				18DFD5091D8D156B00582637 /* default_people_image.png */,
				18DFD50D1D8D5C8200582637 /* user_more_info_imagae.png */,
				1808B6F91D8E658C00DF1024 /* get_image_button.png */,
				1808B6FB1D8E66BB00DF1024 /* no_image.png */,
			);
			path = "resource file";
			sourceTree = "<group>";
		};
/* End PBXGroup section */

/* Begin PBXNativeTarget section */
		1813ADBE1D315806001BB532 /* Swift_sample_app */ = {
			isa = PBXNativeTarget;
			buildConfigurationList = 1813ADD11D315806001BB532 /* Build configuration list for PBXNativeTarget "Swift_sample_app" */;
			buildPhases = (
				1813ADBB1D315806001BB532 /* Sources */,
				1813ADBC1D315806001BB532 /* Frameworks */,
				1813ADBD1D315806001BB532 /* Resources */,
			);
			buildRules = (
			);
			dependencies = (
			);
			name = Swift_sample_app;
			productName = Swift_sample_app;
			productReference = 1813ADBF1D315806001BB532 /* Swift_sample_app.app */;
			productType = "com.apple.product-type.application";
		};
/* End PBXNativeTarget section */

/* Begin PBXProject section */
		1813ADB71D315806001BB532 /* Project object */ = {
			isa = PBXProject;
			attributes = {
				LastSwiftUpdateCheck = 0730;
				LastUpgradeCheck = 0730;
				ORGANIZATIONNAME = apple;
				TargetAttributes = {
					1813ADBE1D315806001BB532 = {
						CreatedOnToolsVersion = 7.3.1;
						DevelopmentTeam = 7SQL894E3T;
						LastSwiftMigration = 0800;
					};
				};
			};
			buildConfigurationList = 1813ADBA1D315806001BB532 /* Build configuration list for PBXProject "Swift_sample_app" */;
			compatibilityVersion = "Xcode 3.2";
			developmentRegion = English;
			hasScannedForEncodings = 0;
			knownRegions = (
				en,
				Base,
			);
			mainGroup = 1813ADB61D315806001BB532;
			productRefGroup = 1813ADC01D315806001BB532 /* Products */;
			projectDirPath = "";
			projectRoot = "";
			targets = (
				1813ADBE1D315806001BB532 /* Swift_sample_app */,
			);
		};
/* End PBXProject section */

/* Begin PBXResourcesBuildPhase section */
		1813ADBD1D315806001BB532 /* Resources */ = {
			isa = PBXResourcesBuildPhase;
			buildActionMask = 2147483647;
			files = (
				18612C421DCB953500C57104 /* indicator_left_image.png in Resources */,
				1813ADCD1D315806001BB532 /* LaunchScreen.storyboard in Resources */,
				18DFD4E61D8BB29A00582637 /* enroll_image.png in Resources */,
				18DFD4DC1D8BB15100582637 /* password_search_image.png in Resources */,
				18DFD50E1D8D5C8200582637 /* user_more_info_imagae.png in Resources */,
				18DFD4E81D8BB29A00582637 /* memberlist_image.png in Resources */,
				1866FAF91DAC99280096F47D /* vitory_image.png in Resources */,
				18612C431DCB953500C57104 /* indicator_right_image.png in Resources */,
				1813ADCA1D315806001BB532 /* Assets.xcassets in Resources */,
				1808B6FC1D8E66BB00DF1024 /* no_image.png in Resources */,
				18DFD4E71D8BB29A00582637 /* login_image.png in Resources */,
				18DFD4DB1D8BB15100582637 /* member_out_image.png in Resources */,
				18894BF01D32908300EE4CB2 /* game_logo_image.png in Resources */,
				1866FAFD1DAC9F7E0096F47D /* blog_movebutton.png in Resources */,
				1813ADC81D315806001BB532 /* Main.storyboard in Resources */,
				1866FAFB1DAC9E080096F47D /* baner_blog.png in Resources */,
				18DFD4DA1D8BB15100582637 /* id_search_image.png in Resources */,
				18DFD50A1D8D156B00582637 /* default_people_image.png in Resources */,
				1808B6FA1D8E658C00DF1024 /* get_image_button.png in Resources */,
			);
			runOnlyForDeploymentPostprocessing = 0;
		};
/* End PBXResourcesBuildPhase section */

/* Begin PBXSourcesBuildPhase section */
		1813ADBB1D315806001BB532 /* Sources */ = {
			isa = PBXSourcesBuildPhase;
			buildActionMask = 2147483647;
			files = (
				18204C0C1DC783D700BCF143 /* MyTabbarControllerView.swift in Sources */,
				18DFD5081D8CFD0700582637 /* MemberListView.swift in Sources */,
				18D7DFF41DB356C10033CD3D /* MemberIDSearchView.swift in Sources */,
				181394871DC0F04D001081A1 /* MemberPasswordSearchView.swift in Sources */,
				183B006E1DC21F8000F88013 /* MemberDeleteView.swift in Sources */,
				18894BF41D37D3F300EE4CB2 /* EnrollView.swift in Sources */,
				1813ADC51D315806001BB532 /* ViewController.swift in Sources */,
				1813ADC31D315806001BB532 /* AppDelegate.swift in Sources */,
				18DFD50C1D8D183D00582637 /* MemberListViewTableCell.swift in Sources */,
				18623AB51DCB830D00847B0A /* ContentViewController.swift in Sources */,
				184BB7D41DC4E91F002B5797 /* GameTabView.swift in Sources */,
				1800AD5D1D3B2BD400C3F932 /* DB_Function.swift in Sources */,
				188903AE1D3BA3F400B16FE8 /* DBController.m in Sources */,
				1854B2EC1D9A92EF002F3424 /* MemberInfoDetailView.swift in Sources */,
				1881E6D21DAA4FAD00095F8E /* MemberListViewHeader.swift in Sources */,
				1866FAFF1DACA04E0096F47D /* MemberListViewFooter.swift in Sources */,
				184BB7D61DC4E997002B5797 /* GameSettingTabView.swift in Sources */,
				18976EB31DB2034B00C95206 /* WebViewblog.swift in Sources */,
				184BB7D21DC4CD03002B5797 /* MainTabView.swift in Sources */,
			);
			runOnlyForDeploymentPostprocessing = 0;
		};
/* End PBXSourcesBuildPhase section */

/* Begin PBXVariantGroup section */
		1813ADC61D315806001BB532 /* Main.storyboard */ = {
			isa = PBXVariantGroup;
			children = (
				1813ADC71D315806001BB532 /* Base */,
			);
			name = Main.storyboard;
			sourceTree = "<group>";
		};
		1813ADCB1D315806001BB532 /* LaunchScreen.storyboard */ = {
			isa = PBXVariantGroup;
			children = (
				1813ADCC1D315806001BB532 /* Base */,
			);
			name = LaunchScreen.storyboard;
			sourceTree = "<group>";
		};
/* End PBXVariantGroup section */

/* Begin XCBuildConfiguration section */
		1813ADCF1D315806001BB532 /* Debug */ = {
			isa = XCBuildConfiguration;
			buildSettings = {
				ALWAYS_SEARCH_USER_PATHS = NO;
				CLANG_ANALYZER_NONNULL = YES;
				CLANG_CXX_LANGUAGE_STANDARD = "gnu++0x";
				CLANG_CXX_LIBRARY = "libc++";
				CLANG_ENABLE_MODULES = YES;
				CLANG_ENABLE_OBJC_ARC = YES;
				CLANG_WARN_BOOL_CONVERSION = YES;
				CLANG_WARN_CONSTANT_CONVERSION = YES;
				CLANG_WARN_DIRECT_OBJC_ISA_USAGE = YES_ERROR;
				CLANG_WARN_EMPTY_BODY = YES;
				CLANG_WARN_ENUM_CONVERSION = YES;
				CLANG_WARN_INT_CONVERSION = YES;
				CLANG_WARN_OBJC_ROOT_CLASS = YES_ERROR;
				CLANG_WARN_UNREACHABLE_CODE = YES;
				CLANG_WARN__DUPLICATE_METHOD_MATCH = YES;
				"CODE_SIGN_IDENTITY[sdk=iphoneos*]" = "iPhone Developer";
				COPY_PHASE_STRIP = NO;
				DEBUG_INFORMATION_FORMAT = dwarf;
				ENABLE_STRICT_OBJC_MSGSEND = YES;
				ENABLE_TESTABILITY = YES;
				GCC_C_LANGUAGE_STANDARD = gnu99;
				GCC_DYNAMIC_NO_PIC = NO;
				GCC_NO_COMMON_BLOCKS = YES;
				GCC_OPTIMIZATION_LEVEL = 0;
				GCC_PREPROCESSOR_DEFINITIONS = (
					"DEBUG=1",
					"$(inherited)",
				);
				GCC_WARN_64_TO_32_BIT_CONVERSION = YES;
				GCC_WARN_ABOUT_RETURN_TYPE = YES_ERROR;
				GCC_WARN_UNDECLARED_SELECTOR = YES;
				GCC_WARN_UNINITIALIZED_AUTOS = YES_AGGRESSIVE;
				GCC_WARN_UNUSED_FUNCTION = YES;
				GCC_WARN_UNUSED_VARIABLE = YES;
				IPHONEOS_DEPLOYMENT_TARGET = 9.3;
				MTL_ENABLE_DEBUG_INFO = YES;
				ONLY_ACTIVE_ARCH = YES;
				SDKROOT = iphoneos;
				SWIFT_OPTIMIZATION_LEVEL = "-Onone";
			};
			name = Debug;
		};
		1813ADD01D315806001BB532 /* Release */ = {
			isa = XCBuildConfiguration;
			buildSettings = {
				ALWAYS_SEARCH_USER_PATHS = NO;
				CLANG_ANALYZER_NONNULL = YES;
				CLANG_CXX_LANGUAGE_STANDARD = "gnu++0x";
				CLANG_CXX_LIBRARY = "libc++";
				CLANG_ENABLE_MODULES = YES;
				CLANG_ENABLE_OBJC_ARC = YES;
				CLANG_WARN_BOOL_CONVERSION = YES;
				CLANG_WARN_CONSTANT_CONVERSION = YES;
				CLANG_WARN_DIRECT_OBJC_ISA_USAGE = YES_ERROR;
				CLANG_WARN_EMPTY_BODY = YES;
				CLANG_WARN_ENUM_CONVERSION = YES;
				CLANG_WARN_INT_CONVERSION = YES;
				CLANG_WARN_OBJC_ROOT_CLASS = YES_ERROR;
				CLANG_WARN_UNREACHABLE_CODE = YES;
				CLANG_WARN__DUPLICATE_METHOD_MATCH = YES;
				"CODE_SIGN_IDENTITY[sdk=iphoneos*]" = "iPhone Developer";
				COPY_PHASE_STRIP = NO;
				DEBUG_INFORMATION_FORMAT = "dwarf-with-dsym";
				ENABLE_NS_ASSERTIONS = NO;
				ENABLE_STRICT_OBJC_MSGSEND = YES;
				GCC_C_LANGUAGE_STANDARD = gnu99;
				GCC_NO_COMMON_BLOCKS = YES;
				GCC_WARN_64_TO_32_BIT_CONVERSION = YES;
				GCC_WARN_ABOUT_RETURN_TYPE = YES_ERROR;
				GCC_WARN_UNDECLARED_SELECTOR = YES;
				GCC_WARN_UNINITIALIZED_AUTOS = YES_AGGRESSIVE;
				GCC_WARN_UNUSED_FUNCTION = YES;
				GCC_WARN_UNUSED_VARIABLE = YES;
				IPHONEOS_DEPLOYMENT_TARGET = 9.3;
				MTL_ENABLE_DEBUG_INFO = NO;
				SDKROOT = iphoneos;
				SKIP_INSTALL = YES;
				VALIDATE_PRODUCT = YES;
			};
			name = Release;
		};
		1813ADD21D315806001BB532 /* Debug */ = {
			isa = XCBuildConfiguration;
			buildSettings = {
				ASSETCATALOG_COMPILER_APPICON_NAME = AppIcon;
				CLANG_ENABLE_MODULES = YES;
				CODE_SIGN_IDENTITY = developer_seo;
				"CODE_SIGN_IDENTITY[sdk=iphoneos*]" = "iPhone Developer";
				DEVELOPMENT_TEAM = 7SQL894E3T;
				INFOPLIST_FILE = Swift_sample_app/Info.plist;
				LD_RUNPATH_SEARCH_PATHS = "$(inherited) @executable_path/Frameworks";
				PRODUCT_BUNDLE_IDENTIFIER = "com.developer-seo.Swift-sample-app";
				PRODUCT_NAME = "$(TARGET_NAME)";
				PROVISIONING_PROFILE = "";
				SWIFT_INSTALL_OBJC_HEADER = YES;
				SWIFT_OBJC_BRIDGING_HEADER = "Swift_sample_app-Bridging-Header.h";
				SWIFT_OPTIMIZATION_LEVEL = "-Onone";
				SWIFT_VERSION = 3.0;
			};
			name = Debug;
		};
		1813ADD31D315806001BB532 /* Release */ = {
			isa = XCBuildConfiguration;
			buildSettings = {
				ASSETCATALOG_COMPILER_APPICON_NAME = AppIcon;
				CLANG_ENABLE_MODULES = YES;
				CODE_SIGN_IDENTITY = developer_seo;
				"CODE_SIGN_IDENTITY[sdk=iphoneos*]" = "iPhone Developer";
				DEVELOPMENT_TEAM = 7SQL894E3T;
				INFOPLIST_FILE = Swift_sample_app/Info.plist;
				LD_RUNPATH_SEARCH_PATHS = "$(inherited) @executable_path/Frameworks";
				PRODUCT_BUNDLE_IDENTIFIER = "com.developer-seo.Swift-sample-app";
				PRODUCT_NAME = "$(TARGET_NAME)";
				PROVISIONING_PROFILE = "";
				SKIP_INSTALL = NO;
				SWIFT_INSTALL_OBJC_HEADER = YES;
				SWIFT_OBJC_BRIDGING_HEADER = "Swift_sample_app-Bridging-Header.h";
				SWIFT_VERSION = 3.0;
			};
			name = Release;
		};
/* End XCBuildConfiguration section */

/* Begin XCConfigurationList section */
		1813ADBA1D315806001BB532 /* Build configuration list for PBXProject "Swift_sample_app" */ = {
			isa = XCConfigurationList;
			buildConfigurations = (
				1813ADCF1D315806001BB532 /* Debug */,
				1813ADD01D315806001BB532 /* Release */,
			);
			defaultConfigurationIsVisible = 0;
			defaultConfigurationName = Release;
		};
		1813ADD11D315806001BB532 /* Build configuration list for PBXNativeTarget "Swift_sample_app" */ = {
			isa = XCConfigurationList;
			buildConfigurations = (
				1813ADD21D315806001BB532 /* Debug */,
				1813ADD31D315806001BB532 /* Release */,
			);
			defaultConfigurationIsVisible = 0;
			defaultConfigurationName = Release;
		};
/* End XCConfigurationList section */
	};
	rootObject = 1813ADB71D315806001BB532 /* Project object */;
}
